
Microsoft Visual Studio Solution File, Format Version 12.00
# Visual Studio Version 16
VisualStudioVersion = 16.0.31019.35
MinimumVisualStudioVersion = 10.0.40219.1
Project("{FAE04EC0-301F-11D3-BF4B-00C04F79EFBC}") = "WriteStringFromMiddle", "WriteStringFromMiddle\WriteStringFromMiddle.csproj", "{78DA07D6-C95A-4E05-A639-5971C3C8C66C}"
EndProject
Global
	GlobalSection(SolutionConfigurationPlatforms) = preSolution
		Debug|Any CPU = Debug|Any CPU
		Release|Any CPU = Release|Any CPU
	EndGlobalSection
	GlobalSection(ProjectConfigurationPlatforms) = postSolution
		{78DA07D6-C95A-4E05-A639-5971C3C8C66C}.Debug|Any CPU.ActiveCfg = Debug|Any CPU
		{78DA07D6-C95A-4E05-A639-5971C3C8C66C}.Debug|Any CPU.Build.0 = Debug|Any CPU
		{78DA07D6-C95A-4E05-A639-5971C3C8C66C}.Release|Any CPU.ActiveCfg = Release|Any CPU
		{78DA07D6-C95A-4E05-A639-5971C3C8C66C}.Release|Any CPU.Build.0 = Release|Any CPU
	EndGlobalSection
	GlobalSection(SolutionProperties) = preSolution
		HideSolutionNode = FALSE
	EndGlobalSection
	GlobalSection(ExtensibilityGlobals) = postSolution
		SolutionGuid = {D079E2AF-C5D1-4714-B933-7D32C4101158}
	EndGlobalSection
EndGlobal
